{
  "originHash" : "96a0dda6976db96954ea63d294b75df14fa6da113f9f538bba3b1d764dece67b",
  "pins" : [
    {
      "identity" : "ios-snapshot-test-case",
      "kind" : "remoteSourceControl",
      "location" : "https://github.com/uber/ios-snapshot-test-case",
      "state" : {
        "revision" : "7b10770333a961be6e5a41c9ce04b8c6d3990126",
        "version" : "8.0.0"
      }
    },
    {
      "identity" : "ohhttpstubs",
      "kind" : "remoteSourceControl",
      "location" : "https://github.com/eurias-stripe/OHHTTPStubs",
      "state" : {
        "branch" : "master",
        "revision" : "94cf8e1d9e38b0edd580ddc699dda23a7bf66515"
      }
    }
  ],
  "version" : 3
}
